
Microsoft Visual Studio Solution File, Format Version 12.00
# Visual Studio Version 16
VisualStudioVersion = 16.0.31019.35
MinimumVisualStudioVersion = 10.0.40219.1
Project("{FAE04EC0-301F-11D3-BF4B-00C04F79EFBC}") = "Project_All_in_one", "Project_All_in_one.csproj", "{0373F352-B248-4FEB-98C1-66CD0C81A472}"
EndProject
Global
	GlobalSection(SolutionConfigurationPlatforms) = preSolution
		Debug|Any CPU = Debug|Any CPU
		Release|Any CPU = Release|Any CPU
	EndGlobalSection
	GlobalSection(ProjectConfigurationPlatforms) = postSolution
		{0373F352-B248-4FEB-98C1-66CD0C81A472}.Debug|Any CPU.ActiveCfg = Debug|Any CPU
		{0373F352-B248-4FEB-98C1-66CD0C81A472}.Debug|Any CPU.Build.0 = Debug|Any CPU
		{0373F352-B248-4FEB-98C1-66CD0C81A472}.Release|Any CPU.ActiveCfg = Release|Any CPU
		{0373F352-B248-4FEB-98C1-66CD0C81A472}.Release|Any CPU.Build.0 = Release|Any CPU
	EndGlobalSection
	GlobalSection(SolutionProperties) = preSolution
		HideSolutionNode = FALSE
	EndGlobalSection
	GlobalSection(ExtensibilityGlobals) = postSolution
		SolutionGuid = {D46646D7-B36C-4395-A32F-A4DEECF428A2}
	EndGlobalSection
EndGlobal
